
Microsoft Visual Studio Solution File, Format Version 12.00
# Visual Studio Version 16
VisualStudioVersion = 16.0.31729.503
MinimumVisualStudioVersion = 10.0.40219.1
Project("{FAE04EC0-301F-11D3-BF4B-00C04F79EFBC}") = "LISTED", "LISTED.csproj", "{48FF9620-CABF-4184-8C52-BA1C40CF05A5}"
EndProject
Global
	GlobalSection(SolutionConfigurationPlatforms) = preSolution
		Debug|Any CPU = Debug|Any CPU
		Release|Any CPU = Release|Any CPU
	EndGlobalSection
	GlobalSection(ProjectConfigurationPlatforms) = postSolution
		{48FF9620-CABF-4184-8C52-BA1C40CF05A5}.Debug|Any CPU.ActiveCfg = Debug|Any CPU
		{48FF9620-CABF-4184-8C52-BA1C40CF05A5}.Debug|Any CPU.Build.0 = Debug|Any CPU
		{48FF9620-CABF-4184-8C52-BA1C40CF05A5}.Release|Any CPU.ActiveCfg = Release|Any CPU
		{48FF9620-CABF-4184-8C52-BA1C40CF05A5}.Release|Any CPU.Build.0 = Release|Any CPU
	EndGlobalSection
	GlobalSection(SolutionProperties) = preSolution
		HideSolutionNode = FALSE
	EndGlobalSection
	GlobalSection(ExtensibilityGlobals) = postSolution
		SolutionGuid = {D92DA2C9-CBA8-40C9-AF2A-398F9C9F7418}
	EndGlobalSection
EndGlobal
